{
  "version": 4,
  "terraform_version": "1.9.5",
  "serial": 11,
  "lineage": "a4c9db91-17f9-e730-c3d1-03a85da1bfdf",
  "outputs": {
    "cdn_website_url": {
      "value": "http://34.49.94.227",
      "type": "string"
    }
  },
  "resources": [
    {
      "mode": "data",
      "type": "google_storage_bucket",
      "name": "existing_bucket",
      "provider": "provider[\"registry.terraform.io/hashicorp/google\"]",
      "instances": [
        {
          "schema_version": 0,
          "attributes": {
            "autoclass": [],
            "cors": [],
            "custom_placement_config": [],
            "default_event_based_hold": false,
            "effective_labels": {},
            "enable_object_retention": false,
            "encryption": [],
            "force_destroy": null,
            "id": "simplllle-bucket",
            "labels": {},
            "lifecycle_rule": [
              {
                "action": [
                  {
                    "storage_class": "NEARLINE",
                    "type": "SetStorageClass"
                  }
                ],
                "condition": [
                  {
                    "age": 333,
                    "created_before": "",
                    "custom_time_before": "",
                    "days_since_custom_time": 0,
                    "days_since_noncurrent_time": 0,
                    "matches_prefix": [],
                    "matches_storage_class": [],
                    "matches_suffix": [],
                    "noncurrent_time_before": "",
                    "num_newer_versions": 0,
                    "send_age_if_zero": false,
                    "send_days_since_custom_time_if_zero": false,
                    "send_days_since_noncurrent_time_if_zero": false,
                    "send_num_newer_versions_if_zero": false,
                    "with_state": "ANY"
                  }
                ]
              }
            ],
            "location": "US",
            "logging": [],
            "name": "simplllle-bucket",
            "project": "sexueim-webapp-on-gcp",
            "project_number": 399794114546,
            "public_access_prevention": "inherited",
            "requester_pays": false,
            "retention_policy": [],
            "rpo": "DEFAULT",
            "self_link": "https://www.googleapis.com/storage/v1/b/simplllle-bucket",
            "soft_delete_policy": [
              {
                "effective_time": "2024-09-11T16:10:00.423Z",
                "retention_duration_seconds": 604800
              }
            ],
            "storage_class": "STANDARD",
            "terraform_labels": {},
            "uniform_bucket_level_access": true,
            "url": "gs://simplllle-bucket",
            "versioning": [
              {
                "enabled": true
              }
            ],
            "website": [
              {
                "main_page_suffix": "index.html",
                "not_found_page": ""
              }
            ]
          },
          "sensitive_attributes": []
        }
      ]
    },
    {
      "mode": "managed",
      "type": "google_compute_backend_bucket",
      "name": "website_backend",
      "provider": "provider[\"registry.terraform.io/hashicorp/google\"]",
      "instances": [
        {
          "schema_version": 0,
          "attributes": {
            "bucket_name": "simplllle-bucket",
            "cdn_policy": [
              {
                "bypass_cache_on_request_headers": [],
                "cache_key_policy": [],
                "cache_mode": "CACHE_ALL_STATIC",
                "client_ttl": 3600,
                "default_ttl": 3600,
                "max_ttl": 86400,
                "negative_caching": true,
                "negative_caching_policy": [],
                "request_coalescing": true,
                "serve_while_stale": 86400,
                "signed_url_cache_max_age_sec": 0
              }
            ],
            "compression_mode": "",
            "creation_timestamp": "2024-09-12T04:59:29.280-07:00",
            "custom_response_headers": [],
            "description": "",
            "edge_security_policy": "",
            "enable_cdn": true,
            "id": "projects/sexueim-webapp-on-gcp/global/backendBuckets/website-backend-bucket",
            "name": "website-backend-bucket",
            "project": "sexueim-webapp-on-gcp",
            "self_link": "https://www.googleapis.com/compute/v1/projects/sexueim-webapp-on-gcp/global/backendBuckets/website-backend-bucket",
            "timeouts": null
          },
          "sensitive_attributes": [],
          "private": "eyJlMmJmYjczMC1lY2FhLTExZTYtOGY4OC0zNDM2M2JjN2M0YzAiOnsiY3JlYXRlIjoxMjAwMDAwMDAwMDAwLCJkZWxldGUiOjEyMDAwMDAwMDAwMDAsInVwZGF0ZSI6MTIwMDAwMDAwMDAwMH19",
          "dependencies": [
            "data.google_storage_bucket.existing_bucket"
          ]
        }
      ]
    },
    {
      "mode": "managed",
      "type": "google_compute_global_forwarding_rule",
      "name": "website_forwarding_rule",
      "provider": "provider[\"registry.terraform.io/hashicorp/google\"]",
      "instances": [
        {
          "schema_version": 0,
          "attributes": {
            "base_forwarding_rule": "",
            "description": "",
            "effective_labels": {},
            "id": "projects/sexueim-webapp-on-gcp/global/forwardingRules/website-forwarding-rule",
            "ip_address": "34.49.94.227",
            "ip_protocol": "TCP",
            "ip_version": "",
            "label_fingerprint": "42WmSpB8rSM=",
            "labels": {},
            "load_balancing_scheme": "EXTERNAL",
            "metadata_filters": [],
            "name": "website-forwarding-rule",
            "network": "",
            "no_automate_dns_zone": null,
            "port_range": "80-80",
            "project": "sexueim-webapp-on-gcp",
            "psc_connection_id": "",
            "psc_connection_status": "",
            "self_link": "https://www.googleapis.com/compute/v1/projects/sexueim-webapp-on-gcp/global/forwardingRules/website-forwarding-rule",
            "service_directory_registrations": [],
            "source_ip_ranges": [],
            "subnetwork": "",
            "target": "https://www.googleapis.com/compute/v1/projects/sexueim-webapp-on-gcp/global/targetHttpProxies/website-http-proxy",
            "terraform_labels": {},
            "timeouts": null
          },
          "sensitive_attributes": [],
          "private": "eyJlMmJmYjczMC1lY2FhLTExZTYtOGY4OC0zNDM2M2JjN2M0YzAiOnsiY3JlYXRlIjoxMjAwMDAwMDAwMDAwLCJkZWxldGUiOjEyMDAwMDAwMDAwMDAsInVwZGF0ZSI6MTIwMDAwMDAwMDAwMH19",
          "dependencies": [
            "data.google_storage_bucket.existing_bucket",
            "google_compute_backend_bucket.website_backend",
            "google_compute_target_http_proxy.website_http_proxy",
            "google_compute_url_map.website_url_map"
          ]
        }
      ]
    },
    {
      "mode": "managed",
      "type": "google_compute_target_http_proxy",
      "name": "website_http_proxy",
      "provider": "provider[\"registry.terraform.io/hashicorp/google\"]",
      "instances": [
        {
          "schema_version": 0,
          "attributes": {
            "creation_timestamp": "2024-09-12T04:59:53.264-07:00",
            "description": "",
            "http_keep_alive_timeout_sec": 0,
            "id": "projects/sexueim-webapp-on-gcp/global/targetHttpProxies/website-http-proxy",
            "name": "website-http-proxy",
            "project": "sexueim-webapp-on-gcp",
            "proxy_bind": false,
            "proxy_id": 8377251607050414422,
            "self_link": "https://www.googleapis.com/compute/v1/projects/sexueim-webapp-on-gcp/global/targetHttpProxies/website-http-proxy",
            "timeouts": null,
            "url_map": "https://www.googleapis.com/compute/v1/projects/sexueim-webapp-on-gcp/global/urlMaps/website-url-map"
          },
          "sensitive_attributes": [],
          "private": "eyJlMmJmYjczMC1lY2FhLTExZTYtOGY4OC0zNDM2M2JjN2M0YzAiOnsiY3JlYXRlIjoxMjAwMDAwMDAwMDAwLCJkZWxldGUiOjEyMDAwMDAwMDAwMDAsInVwZGF0ZSI6MTIwMDAwMDAwMDAwMH19",
          "dependencies": [
            "data.google_storage_bucket.existing_bucket",
            "google_compute_backend_bucket.website_backend",
            "google_compute_url_map.website_url_map"
          ]
        }
      ]
    },
    {
      "mode": "managed",
      "type": "google_compute_url_map",
      "name": "website_url_map",
      "provider": "provider[\"registry.terraform.io/hashicorp/google\"]",
      "instances": [
        {
          "schema_version": 0,
          "attributes": {
            "creation_timestamp": "2024-09-12T04:59:41.325-07:00",
            "default_route_action": [],
            "default_service": "https://www.googleapis.com/compute/v1/projects/sexueim-webapp-on-gcp/global/backendBuckets/website-backend-bucket",
            "default_url_redirect": [],
            "description": "",
            "fingerprint": "PmjOiUO279o=",
            "header_action": [],
            "host_rule": [],
            "id": "projects/sexueim-webapp-on-gcp/global/urlMaps/website-url-map",
            "map_id": 5441503819417479490,
            "name": "website-url-map",
            "path_matcher": [],
            "project": "sexueim-webapp-on-gcp",
            "self_link": "https://www.googleapis.com/compute/v1/projects/sexueim-webapp-on-gcp/global/urlMaps/website-url-map",
            "test": [],
            "timeouts": null
          },
          "sensitive_attributes": [],
          "private": "eyJlMmJmYjczMC1lY2FhLTExZTYtOGY4OC0zNDM2M2JjN2M0YzAiOnsiY3JlYXRlIjoxMjAwMDAwMDAwMDAwLCJkZWxldGUiOjEyMDAwMDAwMDAwMDAsInVwZGF0ZSI6MTIwMDAwMDAwMDAwMH19",
          "dependencies": [
            "data.google_storage_bucket.existing_bucket",
            "google_compute_backend_bucket.website_backend"
          ]
        }
      ]
    },
    {
      "mode": "managed",
      "type": "google_storage_bucket_iam_member",
      "name": "public_access",
      "provider": "provider[\"registry.terraform.io/hashicorp/google\"]",
      "instances": [
        {
          "schema_version": 0,
          "attributes": {
            "bucket": "b/simplllle-bucket",
            "condition": [],
            "etag": "CAg=",
            "id": "b/simplllle-bucket/roles/storage.objectViewer/allUsers",
            "member": "allUsers",
            "role": "roles/storage.objectViewer"
          },
          "sensitive_attributes": [],
          "private": "bnVsbA==",
          "dependencies": [
            "data.google_storage_bucket.existing_bucket"
          ]
        }
      ]
    }
  ],
  "check_results": null
}
